{
  "originHash" : "66dfe8899ff4390a23d4df928e476b40a01a9b9edec06f23d9c4f9b5b76757c1",
  "pins" : [
    {
      "identity" : "newsreaderkmp",
      "kind" : "remoteSourceControl",
      "location" : "https://github.com/prof18/NewsReaderKMP",
      "state" : {
        "revision" : "32f8444047105e7d6688d25182336ed1a5bd1edd",
        "version" : "0.0.1"
      }
    }
  ],
  "version" : 3
}
