{
  "originHash" : "66dfe8899ff4390a23d4df928e476b40a01a9b9edec06f23d9c4f9b5b76757c1",
  "pins" : [
    {
      "identity" : "newsreaderkmp",
      "kind" : "remoteSourceControl",
      "location" : "https://github.com/prof18/NewsReaderKMP",
      "state" : {
        "revision" : "9d4399ade7b4b2c9376ac99b462bcc26841b4a49",
        "version" : "0.2.0"
      }
    }
  ],
  "version" : 3
}
