{
  "pins" : [
    {
      "identity" : "news-reader-kmp-kmmbridge",
      "kind" : "remoteSourceControl",
      "location" : "https://github.com/prof18/news-reader-kmp-kmmbridge",
      "state" : {
        "revision" : "738498b9e50f79c0552225cd67289f9bcf2630c2",
        "version" : "0.0.1"
      }
    }
  ],
  "version" : 2
}
